
Microsoft Visual Studio Solution File, Format Version 12.00
# Visual Studio Version 16
VisualStudioVersion = 16.0.30717.126
MinimumVisualStudioVersion = 10.0.40219.1
Project("{FAE04EC0-301F-11D3-BF4B-00C04F79EFBC}") = "BloodBankManagementAPI", "BloodBankManagementAPI\BloodBankManagementAPI.csproj", "{60514A6F-AD24-462C-AE4C-544EE632B97B}"
EndProject
Global
	GlobalSection(SolutionConfigurationPlatforms) = preSolution
		Debug|Any CPU = Debug|Any CPU
		Release|Any CPU = Release|Any CPU
	EndGlobalSection
	GlobalSection(ProjectConfigurationPlatforms) = postSolution
		{60514A6F-AD24-462C-AE4C-544EE632B97B}.Debug|Any CPU.ActiveCfg = Debug|Any CPU
		{60514A6F-AD24-462C-AE4C-544EE632B97B}.Debug|Any CPU.Build.0 = Debug|Any CPU
		{60514A6F-AD24-462C-AE4C-544EE632B97B}.Release|Any CPU.ActiveCfg = Release|Any CPU
		{60514A6F-AD24-462C-AE4C-544EE632B97B}.Release|Any CPU.Build.0 = Release|Any CPU
	EndGlobalSection
	GlobalSection(SolutionProperties) = preSolution
		HideSolutionNode = FALSE
	EndGlobalSection
	GlobalSection(ExtensibilityGlobals) = postSolution
		SolutionGuid = {C5F13A7A-1188-4305-9EEC-7370883408C9}
	EndGlobalSection
EndGlobal
